
Microsoft Visual Studio Solution File, Format Version 12.00
# Visual Studio Version 17
VisualStudioVersion = 17.0.31919.166
MinimumVisualStudioVersion = 10.0.40219.1
Project("{FAE04EC0-301F-11D3-BF4B-00C04F79EFBC}") = "IterationUserImput1of6", "IterationUserImput1of6\IterationUserImput1of6.csproj", "{CDA6083B-1B07-45FE-9338-9FEB5B38E671}"
EndProject
Global
	GlobalSection(SolutionConfigurationPlatforms) = preSolution
		Debug|Any CPU = Debug|Any CPU
		Release|Any CPU = Release|Any CPU
	EndGlobalSection
	GlobalSection(ProjectConfigurationPlatforms) = postSolution
		{CDA6083B-1B07-45FE-9338-9FEB5B38E671}.Debug|Any CPU.ActiveCfg = Debug|Any CPU
		{CDA6083B-1B07-45FE-9338-9FEB5B38E671}.Debug|Any CPU.Build.0 = Debug|Any CPU
		{CDA6083B-1B07-45FE-9338-9FEB5B38E671}.Release|Any CPU.ActiveCfg = Release|Any CPU
		{CDA6083B-1B07-45FE-9338-9FEB5B38E671}.Release|Any CPU.Build.0 = Release|Any CPU
	EndGlobalSection
	GlobalSection(SolutionProperties) = preSolution
		HideSolutionNode = FALSE
	EndGlobalSection
	GlobalSection(ExtensibilityGlobals) = postSolution
		SolutionGuid = {2E7E9A6B-3D0A-4494-A86D-8FA1F69B0B97}
	EndGlobalSection
EndGlobal
